
Microsoft Visual Studio Solution File, Format Version 12.00
# Visual Studio Version 17
VisualStudioVersion = 17.0.31903.59
MinimumVisualStudioVersion = 10.0.40219.1
Project("{9A19103F-16F7-4668-BE54-9A1E7A4F7556}") = "NDILibDotNet2", "..\NDILibDotNet2\NDILibDotNet2.csproj", "{F40A4A6A-6773-493B-9F07-F9F968C10C6D}"
EndProject
Project("{9A19103F-16F7-4668-BE54-9A1E7A4F7556}") = "AvaloniaNDI.Sample", "..\AvaloniaNDI.Sample\AvaloniaNDI.Sample.csproj", "{01976BCC-36B6-498A-BEF8-A24F2A467063}"
EndProject
Project("{9A19103F-16F7-4668-BE54-9A1E7A4F7556}") = "AvaloniaNDI", "AvaloniaNDI.csproj", "{64A53660-B64C-4CB8-94CD-19D7C1C47EB0}"
EndProject
Project("{2150E333-8FDC-42A3-9474-1A3956D46DE8}") = "Solution Items", "Solution Items", "{2F0F01CE-4FFE-4CCC-BFD0-E5B2EC0874FC}"
	ProjectSection(SolutionItems) = preProject
		..\.gitignore = ..\.gitignore
		..\LICENSE.txt = ..\LICENSE.txt
		..\README.md = ..\README.md
		..\screenshot.gif = ..\screenshot.gif
	EndProjectSection
EndProject
Global
	GlobalSection(SolutionConfigurationPlatforms) = preSolution
		Debug|Any CPU = Debug|Any CPU
		Release|Any CPU = Release|Any CPU
	EndGlobalSection
	GlobalSection(ProjectConfigurationPlatforms) = postSolution
		{F40A4A6A-6773-493B-9F07-F9F968C10C6D}.Debug|Any CPU.ActiveCfg = Debug|Any CPU
		{F40A4A6A-6773-493B-9F07-F9F968C10C6D}.Debug|Any CPU.Build.0 = Debug|Any CPU
		{F40A4A6A-6773-493B-9F07-F9F968C10C6D}.Release|Any CPU.ActiveCfg = Release|Any CPU
		{F40A4A6A-6773-493B-9F07-F9F968C10C6D}.Release|Any CPU.Build.0 = Release|Any CPU
		{01976BCC-36B6-498A-BEF8-A24F2A467063}.Debug|Any CPU.ActiveCfg = Debug|Any CPU
		{01976BCC-36B6-498A-BEF8-A24F2A467063}.Debug|Any CPU.Build.0 = Debug|Any CPU
		{01976BCC-36B6-498A-BEF8-A24F2A467063}.Release|Any CPU.ActiveCfg = Release|Any CPU
		{01976BCC-36B6-498A-BEF8-A24F2A467063}.Release|Any CPU.Build.0 = Release|Any CPU
		{64A53660-B64C-4CB8-94CD-19D7C1C47EB0}.Debug|Any CPU.ActiveCfg = Debug|Any CPU
		{64A53660-B64C-4CB8-94CD-19D7C1C47EB0}.Debug|Any CPU.Build.0 = Debug|Any CPU
		{64A53660-B64C-4CB8-94CD-19D7C1C47EB0}.Release|Any CPU.ActiveCfg = Release|Any CPU
		{64A53660-B64C-4CB8-94CD-19D7C1C47EB0}.Release|Any CPU.Build.0 = Release|Any CPU
	EndGlobalSection
	GlobalSection(SolutionProperties) = preSolution
		HideSolutionNode = FALSE
	EndGlobalSection
	GlobalSection(ExtensibilityGlobals) = postSolution
		SolutionGuid = {5DE175DF-8DC6-45F8-99CE-9E9962AAB8DD}
	EndGlobalSection
EndGlobal
